{
  "nodes": {
    "blueprint": {
      "inputs": {
        "nixpkgs": [
          "llm-agents",
          "nixpkgs"
        ],
        "systems": "systems"
      },
      "locked": {
        "lastModified": 1769353768,
        "owner": "numtide",
        "repo": "blueprint",
        "rev": "c7da5c70ad1c9b60b6f5d4f674fbe205d48d8f6c",
        "type": "github"
      },
      "original": {
        "owner": "numtide",
        "repo": "blueprint",
        "type": "github"
      }
    },
    "devenv": {
      "locked": {
        "dir": "src/modules",
        "lastModified": 1769790358,
        "owner": "cachix",
        "repo": "devenv",
        "rev": "4bd7bbda7c267865d2d0cc31764e7c104e3a2218",
        "type": "github"
      },
      "original": {
        "dir": "src/modules",
        "owner": "cachix",
        "repo": "devenv",
        "type": "github"
      }
    },
    "flake-compat": {
      "flake": false,
      "locked": {
        "lastModified": 1767039857,
        "owner": "NixOS",
        "repo": "flake-compat",
        "rev": "5edf11c44bc78a0d334f6334cdaf7d60d732daab",
        "type": "github"
      },
      "original": {
        "owner": "NixOS",
        "repo": "flake-compat",
        "type": "github"
      }
    },
    "git-hooks": {
      "inputs": {
        "flake-compat": "flake-compat",
        "gitignore": "gitignore",
        "nixpkgs": [
          "nixpkgs"
        ]
      },
      "locked": {
        "lastModified": 1769069492,
        "owner": "cachix",
        "repo": "git-hooks.nix",
        "rev": "a1ef738813b15cf8ec759bdff5761b027e3e1d23",
        "type": "github"
      },
      "original": {
        "owner": "cachix",
        "repo": "git-hooks.nix",
        "type": "github"
      }
    },
    "gitignore": {
      "inputs": {
        "nixpkgs": [
          "git-hooks",
          "nixpkgs"
        ]
      },
      "locked": {
        "lastModified": 1762808025,
        "owner": "hercules-ci",
        "repo": "gitignore.nix",
        "rev": "cb5e3fdca1de58ccbc3ef53de65bd372b48f567c",
        "type": "github"
      },
      "original": {
        "owner": "hercules-ci",
        "repo": "gitignore.nix",
        "type": "github"
      }
    },
    "knopki-devenvs": {
      "flake": false,
      "locked": {
        "lastModified": 1769800919,
        "owner": "knopki",
        "repo": "devenvs",
        "rev": "0311c412cd3e89bf70e661c0683b3abc17c1dd1f",
        "type": "github"
      },
      "original": {
        "owner": "knopki",
        "repo": "devenvs",
        "type": "github"
      }
    },
    "llm-agents": {
      "inputs": {
        "blueprint": "blueprint",
        "nixpkgs": "nixpkgs",
        "treefmt-nix": [
          "treefmt-nix"
        ]
      },
      "locked": {
        "lastModified": 1769789134,
        "owner": "numtide",
        "repo": "llm-agents.nix",
        "rev": "17171ab58a49896a1c1f193bbf6a3e6760e53cd0",
        "type": "github"
      },
      "original": {
        "owner": "numtide",
        "repo": "llm-agents.nix",
        "type": "github"
      }
    },
    "nixpkgs": {
      "locked": {
        "lastModified": 1769740369,
        "owner": "NixOS",
        "repo": "nixpkgs",
        "rev": "6308c3b21396534d8aaeac46179c14c439a89b8a",
        "type": "github"
      },
      "original": {
        "owner": "NixOS",
        "ref": "nixpkgs-unstable",
        "repo": "nixpkgs",
        "type": "github"
      }
    },
    "nixpkgs_2": {
      "locked": {
        "lastModified": 1767052823,
        "owner": "cachix",
        "repo": "devenv-nixpkgs",
        "rev": "538a5124359f0b3d466e1160378c87887e3b51a4",
        "type": "github"
      },
      "original": {
        "owner": "cachix",
        "ref": "rolling",
        "repo": "devenv-nixpkgs",
        "type": "github"
      }
    },
    "root": {
      "inputs": {
        "devenv": "devenv",
        "git-hooks": "git-hooks",
        "knopki-devenvs": "knopki-devenvs",
        "llm-agents": "llm-agents",
        "nixpkgs": "nixpkgs_2",
        "pre-commit-hooks": [
          "git-hooks"
        ],
        "treefmt-nix": "treefmt-nix"
      }
    },
    "systems": {
      "locked": {
        "lastModified": 1681028828,
        "owner": "nix-systems",
        "repo": "default",
        "rev": "da67096a3b9bf56a91d16901293e51ba5b49a27e",
        "type": "github"
      },
      "original": {
        "owner": "nix-systems",
        "repo": "default",
        "type": "github"
      }
    },
    "treefmt-nix": {
      "inputs": {
        "nixpkgs": [
          "nixpkgs"
        ]
      },
      "locked": {
        "lastModified": 1769691507,
        "owner": "numtide",
        "repo": "treefmt-nix",
        "rev": "28b19c5844cc6e2257801d43f2772a4b4c050a1b",
        "type": "github"
      },
      "original": {
        "owner": "numtide",
        "repo": "treefmt-nix",
        "type": "github"
      }
    }
  },
  "root": "root",
  "version": 7
}
