{
  "nodes": {
    "home": {
      "flake": false,
      "locked": {
        "lastModified": 1598718123,
        "narHash": "sha256-11UAJTLn+F9tP24eDz5mE5A/TKwQeYzLQhdmy2fXwYs=",
        "owner": "rycee",
        "repo": "home-manager",
        "rev": "4fe5afa7557e1f135b02ca9adef7c592852adccb",
        "type": "github"
      },
      "original": {
        "owner": "rycee",
        "ref": "master",
        "repo": "home-manager",
        "type": "github"
      }
    },
    "nix-doom-emacs": {
      "flake": false,
      "locked": {
        "lastModified": 1598807614,
        "narHash": "sha256-lOG1/37xRdkWz1OLELZBAD6kPY0KVd1fZVRxJR3zuXI=",
        "owner": "vlaci",
        "repo": "nix-doom-emacs",
        "rev": "77ca84bce93e928c59ecda5113e90df64109f41b",
        "type": "github"
      },
      "original": {
        "owner": "vlaci",
        "repo": "nix-doom-emacs",
        "type": "github"
      }
    },
    "nixos-hardware": {
      "flake": false,
      "locked": {
        "lastModified": 1597353046,
        "narHash": "sha256-+DAotmZ/GKaknMo0KvodsWAYxFgEFvUwMNM3wnX20F0=",
        "owner": "NixOS",
        "repo": "nixos-hardware",
        "rev": "984c72f65312c82be2d20b82345b22c99e0508f0",
        "type": "github"
      },
      "original": {
        "owner": "NixOS",
        "repo": "nixos-hardware",
        "type": "github"
      }
    },
    "nixpkgs": {
      "locked": {
        "lastModified": 1598766647,
        "narHash": "sha256-XNV/+zaayMO+QtqXMgUCq4wXkm1kvd2+nnQIVT2fc7w=",
        "owner": "NixOS",
        "repo": "nixpkgs",
        "rev": "925ae0dee63cf2c59533a6258340812e5643428a",
        "type": "github"
      },
      "original": {
        "owner": "NixOS",
        "ref": "nixos-20.03",
        "repo": "nixpkgs",
        "type": "github"
      }
    },
    "nixpkgs-unstable": {
      "locked": {
        "lastModified": 1597943282,
        "narHash": "sha256-G/VQBlqO7YeFOSvn29RqdvABZxmQBtiRYVA6kjqWZ6o=",
        "owner": "NixOS",
        "repo": "nixpkgs",
        "rev": "c59ea8b8a0e7f927e7291c14ea6cd1bd3a16ff38",
        "type": "github"
      },
      "original": {
        "owner": "NixOS",
        "ref": "nixos-unstable",
        "repo": "nixpkgs",
        "type": "github"
      }
    },
    "root": {
      "inputs": {
        "home": "home",
        "nix-doom-emacs": "nix-doom-emacs",
        "nixos-hardware": "nixos-hardware",
        "nixpkgs": "nixpkgs",
        "nixpkgs-unstable": "nixpkgs-unstable"
      }
    }
  },
  "root": "root",
  "version": 7
}
