{
  "nodes": {
    "home": {
      "inputs": {
        "nixpkgs": [
          "nixpkgs"
        ]
      },
      "locked": {
        "lastModified": 1602452024,
        "narHash": "sha256-UZ8YYjSFKMlv4Wb4Qaq4TYewuLH2qBXkZE9JFo7SUTo=",
        "owner": "nix-community",
        "repo": "home-manager",
        "rev": "7339784e07217ed0232e08d1ea33b610c94657d8",
        "type": "github"
      },
      "original": {
        "owner": "nix-community",
        "ref": "release-20.09",
        "repo": "home-manager",
        "type": "github"
      }
    },
    "nix-doom-emacs": {
      "flake": false,
      "locked": {
        "lastModified": 1601805371,
        "narHash": "sha256-8jNQhEgEKJ/qTN+eGh3rZ/DbkEQNI5hVQFudCu88YLU=",
        "owner": "vlaci",
        "repo": "nix-doom-emacs",
        "rev": "f322ca116373b7aead49ed574468048e76638a9c",
        "type": "github"
      },
      "original": {
        "owner": "vlaci",
        "repo": "nix-doom-emacs",
        "type": "github"
      }
    },
    "nixos-hardware": {
      "locked": {
        "lastModified": 1600019032,
        "narHash": "sha256-o/PxAWx2O85NyQRDuhZ5QbAACA5yyglmA7hN9GSI27g=",
        "owner": "NixOS",
        "repo": "nixos-hardware",
        "rev": "684eaddf74109b2bedb8b585a25714eb9ea5c54e",
        "type": "github"
      },
      "original": {
        "owner": "NixOS",
        "repo": "nixos-hardware",
        "type": "github"
      }
    },
    "nixpkgs": {
      "locked": {
        "lastModified": 1602199056,
        "narHash": "sha256-32nXmsqjqE2EFf9U7pgZNj3FlFlOacXLbPmYbrDTrGM=",
        "owner": "NixOS",
        "repo": "nixpkgs",
        "rev": "eba1d0126b4e6c386d529911bbeadbea99b933d6",
        "type": "github"
      },
      "original": {
        "owner": "NixOS",
        "ref": "nixos-20.03",
        "repo": "nixpkgs",
        "type": "github"
      }
    },
    "nixpkgs-unstable": {
      "locked": {
        "lastModified": 1602066138,
        "narHash": "sha256-aV0PWKhVYQNLQuFW2qfBXa3JWmPPKSHFJ65ac83JMzE=",
        "owner": "NixOS",
        "repo": "nixpkgs",
        "rev": "420f89ceb267b461eed5d025b6c3c0e57703cc5c",
        "type": "github"
      },
      "original": {
        "owner": "NixOS",
        "ref": "nixos-unstable",
        "repo": "nixpkgs",
        "type": "github"
      }
    },
    "root": {
      "inputs": {
        "home": "home",
        "nix-doom-emacs": "nix-doom-emacs",
        "nixos-hardware": "nixos-hardware",
        "nixpkgs": "nixpkgs",
        "nixpkgs-unstable": "nixpkgs-unstable"
      }
    }
  },
  "root": "root",
  "version": 7
}
