{
  "nodes": {
    "home": {
      "inputs": {
        "nixpkgs": [
          "nixpkgs"
        ]
      },
      "locked": {
        "lastModified": 1602452024,
        "narHash": "sha256-UZ8YYjSFKMlv4Wb4Qaq4TYewuLH2qBXkZE9JFo7SUTo=",
        "owner": "nix-community",
        "repo": "home-manager",
        "rev": "7339784e07217ed0232e08d1ea33b610c94657d8",
        "type": "github"
      },
      "original": {
        "owner": "nix-community",
        "ref": "release-20.09",
        "repo": "home-manager",
        "type": "github"
      }
    },
    "nix-doom-emacs": {
      "flake": false,
      "locked": {
        "lastModified": 1602861854,
        "narHash": "sha256-qNQVpFlXyF5UC1Y2yoUqZiKi5r0iodrfhmWDvu1fF0A=",
        "owner": "vlaci",
        "repo": "nix-doom-emacs",
        "rev": "7b0bfa990062e1aad527ac7ca150177f8b1a683a",
        "type": "github"
      },
      "original": {
        "owner": "vlaci",
        "repo": "nix-doom-emacs",
        "type": "github"
      }
    },
    "nixos-hardware": {
      "locked": {
        "lastModified": 1600019032,
        "narHash": "sha256-o/PxAWx2O85NyQRDuhZ5QbAACA5yyglmA7hN9GSI27g=",
        "owner": "NixOS",
        "repo": "nixos-hardware",
        "rev": "684eaddf74109b2bedb8b585a25714eb9ea5c54e",
        "type": "github"
      },
      "original": {
        "owner": "NixOS",
        "repo": "nixos-hardware",
        "type": "github"
      }
    },
    "nixpkgs": {
      "locked": {
        "lastModified": 1602583230,
        "narHash": "sha256-e3ia4cyTihIfBIwwWX8rjvpL2MExWxzbsySb5K39Mng=",
        "owner": "NixOS",
        "repo": "nixpkgs",
        "rev": "d3784204ba1a6bbb0c0ebf89b706bda50c113112",
        "type": "github"
      },
      "original": {
        "owner": "NixOS",
        "ref": "nixos-20.03",
        "repo": "nixpkgs",
        "type": "github"
      }
    },
    "nixpkgs-unstable": {
      "locked": {
        "lastModified": 1602425900,
        "narHash": "sha256-Ixb5QOYXVq/vkkPdc7Yl7mk5bcYlfjTx3/vnkFr/has=",
        "owner": "NixOS",
        "repo": "nixpkgs",
        "rev": "24c9b05ac53e422f1af81a156f1fd58499eb27fb",
        "type": "github"
      },
      "original": {
        "owner": "NixOS",
        "ref": "nixos-unstable",
        "repo": "nixpkgs",
        "type": "github"
      }
    },
    "root": {
      "inputs": {
        "home": "home",
        "nix-doom-emacs": "nix-doom-emacs",
        "nixos-hardware": "nixos-hardware",
        "nixpkgs": "nixpkgs",
        "nixpkgs-unstable": "nixpkgs-unstable"
      }
    }
  },
  "root": "root",
  "version": 7
}
