{
  "nodes": {
    "base16-default-schemes": {
      "flake": false,
      "locked": {
        "lastModified": 1559992488,
        "narHash": "sha256-pwJCHPaHhvkkjIxQhMUm9FA5jZJSrMhu+ciA3A/dsME=",
        "owner": "chriskempson",
        "repo": "base16-default-schemes",
        "rev": "daf674291964321cd8c92644f9bbdbf3e7c0e8b3",
        "type": "github"
      },
      "original": {
        "owner": "chriskempson",
        "repo": "base16-default-schemes",
        "type": "github"
      }
    },
    "base16-dracula-scheme": {
      "flake": false,
      "locked": {
        "lastModified": 1631391946,
        "narHash": "sha256-ALK5gtqT/sAlPM/NdPpi4Wooh90IVZOXmpTCj/Ucrpk=",
        "owner": "dracula",
        "repo": "base16-dracula-scheme",
        "rev": "04c8c0880e63ec697735b59530c2e425d618991c",
        "type": "github"
      },
      "original": {
        "owner": "dracula",
        "repo": "base16-dracula-scheme",
        "type": "github"
      }
    },
    "base16-shell": {
      "flake": false,
      "locked": {
        "lastModified": 1560619632,
        "narHash": "sha256-OMhC6paqEOQUnxyb33u0kfKpy8plLSRgp8X8T8w0Q/o=",
        "owner": "chriskempson",
        "repo": "base16-shell",
        "rev": "ce8e1e540367ea83cc3e01eec7b2a11783b3f9e1",
        "type": "github"
      },
      "original": {
        "owner": "chriskempson",
        "repo": "base16-shell",
        "type": "github"
      }
    },
    "base16-textmate": {
      "flake": false,
      "locked": {
        "lastModified": 1539002895,
        "narHash": "sha256-uU4YUCW4gS0WNL0mjWvd6hc0vWj5y34T7Ana3LD1IMA=",
        "owner": "chriskempson",
        "repo": "base16-textmate",
        "rev": "1d9e52afb74e03f5a2fdc53d9327428fe00c70c7",
        "type": "github"
      },
      "original": {
        "owner": "chriskempson",
        "repo": "base16-textmate",
        "type": "github"
      }
    },
    "base16-tmux": {
      "flake": false,
      "locked": {
        "lastModified": 1617445572,
        "narHash": "sha256-CHDSb3uA1g3nPCED8/jMgP4xBMkk9LtGNEuJw4LJr+Q=",
        "owner": "mattdavis90",
        "repo": "base16-tmux",
        "rev": "810ba8f86f028b467353e22837f8c89eb46fc287",
        "type": "github"
      },
      "original": {
        "owner": "mattdavis90",
        "repo": "base16-tmux",
        "type": "github"
      }
    },
    "base16-vim": {
      "flake": false,
      "locked": {
        "lastModified": 1559893574,
        "narHash": "sha256-6FsT87qcl9GBxgxrPx2bPULIMA/O8TRxHaN49qMM4uM=",
        "owner": "chriskempson",
        "repo": "base16-vim",
        "rev": "6191622d5806d4448fa2285047936bdcee57a098",
        "type": "github"
      },
      "original": {
        "owner": "chriskempson",
        "repo": "base16-vim",
        "type": "github"
      }
    },
    "base16-waybar": {
      "flake": false,
      "locked": {
        "lastModified": 1546831770,
        "narHash": "sha256-ehb4CLLPJ/SjMz53/inuP9ine2CfIpexp2O1lVHihM0=",
        "owner": "mnussbaum",
        "repo": "base16-waybar",
        "rev": "d2f943b1abb9c9f295e4c6760b7bdfc2125171d2",
        "type": "github"
      },
      "original": {
        "owner": "mnussbaum",
        "repo": "base16-waybar",
        "type": "github"
      }
    },
    "dracula-alacritty": {
      "flake": false,
      "locked": {
        "lastModified": 1635114569,
        "narHash": "sha256-Pb6KLNq90P1s8M08avKlf6D7DHbuNOsp9k6mZmpA+Fg=",
        "owner": "dracula",
        "repo": "alacritty",
        "rev": "05faff15c0158712be87d200081633d9f4850a7d",
        "type": "github"
      },
      "original": {
        "owner": "dracula",
        "repo": "alacritty",
        "type": "github"
      }
    },
    "dracula-fish": {
      "flake": false,
      "locked": {
        "lastModified": 1614879673,
        "narHash": "sha256-vdqYlEyYvlPVgTkwXbE8GVZo0UBBT88JyMSWYykhfx4=",
        "owner": "dracula",
        "repo": "fish",
        "rev": "28db361b55bb49dbfd7a679ebec9140be8c2d593",
        "type": "github"
      },
      "original": {
        "owner": "dracula",
        "repo": "fish",
        "type": "github"
      }
    },
    "dracula-wofi": {
      "flake": false,
      "locked": {
        "lastModified": 1603455500,
        "narHash": "sha256-ra3Nbrk8ozYiqESFxYH0XRyn7bUakJKjIwk3jsZZBq8=",
        "owner": "dracula",
        "repo": "wofi",
        "rev": "1f7d1b68b664901e937029025c14c7f68263f0d4",
        "type": "github"
      },
      "original": {
        "owner": "dracula",
        "repo": "wofi",
        "type": "github"
      }
    },
    "dracula-zathura": {
      "flake": false,
      "locked": {
        "lastModified": 1631388925,
        "narHash": "sha256-QtPZIn7xBnClErPz9hrmSg5TdNnSFKAEouYdxFvI6kE=",
        "owner": "dracula",
        "repo": "zathura",
        "rev": "74c161f801dfe2d4690062639d4d2233bab67dbd",
        "type": "github"
      },
      "original": {
        "owner": "dracula",
        "repo": "zathura",
        "type": "github"
      }
    },
    "fish-kubectl-completions": {
      "flake": false,
      "locked": {
        "lastModified": 1629115345,
        "narHash": "sha256-OYiYTW+g71vD9NWOcX1i2/TaQfAg+c2dJZ5ohwWSDCc=",
        "owner": "evanlucas",
        "repo": "fish-kubectl-completions",
        "rev": "ced676392575d618d8b80b3895cdc3159be3f628",
        "type": "github"
      },
      "original": {
        "owner": "evanlucas",
        "repo": "fish-kubectl-completions",
        "type": "github"
      }
    },
    "ls-colors": {
      "flake": false,
      "locked": {
        "lastModified": 1627397890,
        "narHash": "sha256-46UR3lKOAoMdcIolVzyqMyGs+Q2DXeq7xUubTLxS3/I=",
        "owner": "trapd00r",
        "repo": "LS_COLORS",
        "rev": "2957904dbd4156b7980e3450233f811073132023",
        "type": "github"
      },
      "original": {
        "owner": "trapd00r",
        "repo": "LS_COLORS",
        "type": "github"
      }
    },
    "nixpkgs": {
      "locked": {
        "lastModified": 1619380875,
        "narHash": "sha256-7D44Uqntzljl3RNPtTXeBeo1IRheggz7sm8gUNQZWpw=",
        "owner": "NixOS",
        "repo": "nixpkgs",
        "rev": "1e4cba2908b2f21f9de4b518da579296d01887bf",
        "type": "github"
      },
      "original": {
        "id": "nixpkgs",
        "type": "indirect"
      }
    },
    "root": {
      "inputs": {
        "base16-default-schemes": "base16-default-schemes",
        "base16-dracula-scheme": "base16-dracula-scheme",
        "base16-shell": "base16-shell",
        "base16-textmate": "base16-textmate",
        "base16-tmux": "base16-tmux",
        "base16-vim": "base16-vim",
        "base16-waybar": "base16-waybar",
        "dracula-alacritty": "dracula-alacritty",
        "dracula-fish": "dracula-fish",
        "dracula-wofi": "dracula-wofi",
        "dracula-zathura": "dracula-zathura",
        "fish-kubectl-completions": "fish-kubectl-completions",
        "ls-colors": "ls-colors",
        "nixpkgs": "nixpkgs"
      }
    }
  },
  "root": "root",
  "version": 7
}
